
Microsoft Visual Studio Solution File, Format Version 12.00
# Visual Studio 15
VisualStudioVersion = 15.0.27004.2005
MinimumVisualStudioVersion = 10.0.40219.1
Project("{FAE04EC0-301F-11D3-BF4B-00C04F79EFBC}") = "User_Device_Seting_Win_Program", "User_Device_Seting_Win_Program\User_Device_Seting_Win_Program.csproj", "{6FB735C7-5EFD-48BF-8472-F0F008CF98BA}"
EndProject
Global
	GlobalSection(SolutionConfigurationPlatforms) = preSolution
		Debug|Any CPU = Debug|Any CPU
		Release|Any CPU = Release|Any CPU
	EndGlobalSection
	GlobalSection(ProjectConfigurationPlatforms) = postSolution
		{6FB735C7-5EFD-48BF-8472-F0F008CF98BA}.Debug|Any CPU.ActiveCfg = Debug|Any CPU
		{6FB735C7-5EFD-48BF-8472-F0F008CF98BA}.Debug|Any CPU.Build.0 = Debug|Any CPU
		{6FB735C7-5EFD-48BF-8472-F0F008CF98BA}.Release|Any CPU.ActiveCfg = Release|Any CPU
		{6FB735C7-5EFD-48BF-8472-F0F008CF98BA}.Release|Any CPU.Build.0 = Release|Any CPU
	EndGlobalSection
	GlobalSection(SolutionProperties) = preSolution
		HideSolutionNode = FALSE
	EndGlobalSection
	GlobalSection(ExtensibilityGlobals) = postSolution
		SolutionGuid = {48FD2004-7A55-4A7E-BD22-3B70824CC316}
	EndGlobalSection
EndGlobal
